
Microsoft Visual Studio Solution File, Format Version 12.00
# Visual Studio Version 17
VisualStudioVersion = 17.0.31903.59
MinimumVisualStudioVersion = 10.0.40219.1
Project("{FAE04EC0-301F-11D3-BF4B-00C04F79EFBC}") = "QueryHelpers", "QueryHelpers\QueryHelpers.csproj", "{0CFCA31D-EF82-48CB-8501-315F073E8948}"
EndProject
Global
	GlobalSection(SolutionConfigurationPlatforms) = preSolution
		Debug|Any CPU = Debug|Any CPU
		Release|Any CPU = Release|Any CPU
	EndGlobalSection
	GlobalSection(ProjectConfigurationPlatforms) = postSolution
		{0CFCA31D-EF82-48CB-8501-315F073E8948}.Debug|Any CPU.ActiveCfg = Debug|Any CPU
		{0CFCA31D-EF82-48CB-8501-315F073E8948}.Debug|Any CPU.Build.0 = Debug|Any CPU
		{0CFCA31D-EF82-48CB-8501-315F073E8948}.Release|Any CPU.ActiveCfg = Release|Any CPU
		{0CFCA31D-EF82-48CB-8501-315F073E8948}.Release|Any CPU.Build.0 = Release|Any CPU
	EndGlobalSection
	GlobalSection(SolutionProperties) = preSolution
		HideSolutionNode = FALSE
	EndGlobalSection
EndGlobal
